
Microsoft Visual Studio Solution File, Format Version 12.00
Project("{FAE04EC0-301F-11D3-BF4B-00C04F79EFBC}") = "ItHappened", "ItHappened\ItHappened.csproj", "{D81DDB3E-AC3C-4A55-A2ED-49CC039BD265}"
EndProject
Project("{FAE04EC0-301F-11D3-BF4B-00C04F79EFBC}") = "ItHappend.ConsoleClient", "ItHappend.ConsoleClient\ItHappend.ConsoleClient.csproj", "{959A41F8-1E25-4EAA-8289-06C6EB455E0F}"
EndProject
Project("{FAE04EC0-301F-11D3-BF4B-00C04F79EFBC}") = "ItHappend.Tests", "ItHappend.Tests\ItHappend.Tests.csproj", "{1FE56F3F-5A11-40FB-97EE-A02B0885E8C8}"
EndProject
Global
	GlobalSection(SolutionConfigurationPlatforms) = preSolution
		Debug|Any CPU = Debug|Any CPU
		Release|Any CPU = Release|Any CPU
	EndGlobalSection
	GlobalSection(ProjectConfigurationPlatforms) = postSolution
		{D81DDB3E-AC3C-4A55-A2ED-49CC039BD265}.Debug|Any CPU.ActiveCfg = Debug|Any CPU
		{D81DDB3E-AC3C-4A55-A2ED-49CC039BD265}.Debug|Any CPU.Build.0 = Debug|Any CPU
		{D81DDB3E-AC3C-4A55-A2ED-49CC039BD265}.Release|Any CPU.ActiveCfg = Release|Any CPU
		{D81DDB3E-AC3C-4A55-A2ED-49CC039BD265}.Release|Any CPU.Build.0 = Release|Any CPU
		{959A41F8-1E25-4EAA-8289-06C6EB455E0F}.Debug|Any CPU.ActiveCfg = Debug|Any CPU
		{959A41F8-1E25-4EAA-8289-06C6EB455E0F}.Debug|Any CPU.Build.0 = Debug|Any CPU
		{959A41F8-1E25-4EAA-8289-06C6EB455E0F}.Release|Any CPU.ActiveCfg = Release|Any CPU
		{959A41F8-1E25-4EAA-8289-06C6EB455E0F}.Release|Any CPU.Build.0 = Release|Any CPU
		{1FE56F3F-5A11-40FB-97EE-A02B0885E8C8}.Debug|Any CPU.ActiveCfg = Debug|Any CPU
		{1FE56F3F-5A11-40FB-97EE-A02B0885E8C8}.Debug|Any CPU.Build.0 = Debug|Any CPU
		{1FE56F3F-5A11-40FB-97EE-A02B0885E8C8}.Release|Any CPU.ActiveCfg = Release|Any CPU
		{1FE56F3F-5A11-40FB-97EE-A02B0885E8C8}.Release|Any CPU.Build.0 = Release|Any CPU
	EndGlobalSection
EndGlobal
